
Microsoft Visual Studio Solution File, Format Version 12.00
# Visual Studio Version 17
VisualStudioVersion = 17.7.34003.232
MinimumVisualStudioVersion = 10.0.40219.1
Project("{FAE04EC0-301F-11D3-BF4B-00C04F79EFBC}") = "MyShop.Core", "MyShop.Core\MyShop.Core.csproj", "{E0CFBFBE-0B54-4C5C-8918-C020E200B34D}"
EndProject
Project("{FAE04EC0-301F-11D3-BF4B-00C04F79EFBC}") = "MyShop.Services", "MyShop.Services\MyShop.Services.csproj", "{AA2EBEAC-4FB0-45FB-A986-413F58799E14}"
EndProject
Project("{FAE04EC0-301F-11D3-BF4B-00C04F79EFBC}") = "MyShop.DataAccess.SQL", "MyShop.DataAccess.SQL\MyShop.DataAccess.SQL.csproj", "{F23C649C-1105-4079-A5F4-EB6BEF1D7B2E}"
EndProject
Project("{FAE04EC0-301F-11D3-BF4B-00C04F79EFBC}") = "MyShop.DataAccess.InMemory", "MyShop.DataAccess.InMemory\MyShop.DataAccess.InMemory.csproj", "{95BECE13-65BD-41B5-8597-ECC735AFB979}"
EndProject
Project("{FAE04EC0-301F-11D3-BF4B-00C04F79EFBC}") = "MyShop.WebUI", "MyShop.WebUI\MyShop.WebUI.csproj", "{DA109FAF-8F0A-4F7C-BF7B-D8F64C8CBEB4}"
EndProject
Project("{FAE04EC0-301F-11D3-BF4B-00C04F79EFBC}") = "MyShop.WebUI.Tests", "MyShop.WebUI.Tests\MyShop.WebUI.Tests.csproj", "{311D6C41-D319-4011-BD2F-D85FC2B42E7F}"
EndProject
Global
	GlobalSection(SolutionConfigurationPlatforms) = preSolution
		Debug|Any CPU = Debug|Any CPU
		Release|Any CPU = Release|Any CPU
	EndGlobalSection
	GlobalSection(ProjectConfigurationPlatforms) = postSolution
		{E0CFBFBE-0B54-4C5C-8918-C020E200B34D}.Debug|Any CPU.ActiveCfg = Debug|Any CPU
		{E0CFBFBE-0B54-4C5C-8918-C020E200B34D}.Debug|Any CPU.Build.0 = Debug|Any CPU
		{E0CFBFBE-0B54-4C5C-8918-C020E200B34D}.Release|Any CPU.ActiveCfg = Release|Any CPU
		{E0CFBFBE-0B54-4C5C-8918-C020E200B34D}.Release|Any CPU.Build.0 = Release|Any CPU
		{AA2EBEAC-4FB0-45FB-A986-413F58799E14}.Debug|Any CPU.ActiveCfg = Debug|Any CPU
		{AA2EBEAC-4FB0-45FB-A986-413F58799E14}.Debug|Any CPU.Build.0 = Debug|Any CPU
		{AA2EBEAC-4FB0-45FB-A986-413F58799E14}.Release|Any CPU.ActiveCfg = Release|Any CPU
		{AA2EBEAC-4FB0-45FB-A986-413F58799E14}.Release|Any CPU.Build.0 = Release|Any CPU
		{F23C649C-1105-4079-A5F4-EB6BEF1D7B2E}.Debug|Any CPU.ActiveCfg = Debug|Any CPU
		{F23C649C-1105-4079-A5F4-EB6BEF1D7B2E}.Debug|Any CPU.Build.0 = Debug|Any CPU
		{F23C649C-1105-4079-A5F4-EB6BEF1D7B2E}.Release|Any CPU.ActiveCfg = Release|Any CPU
		{F23C649C-1105-4079-A5F4-EB6BEF1D7B2E}.Release|Any CPU.Build.0 = Release|Any CPU
		{95BECE13-65BD-41B5-8597-ECC735AFB979}.Debug|Any CPU.ActiveCfg = Debug|Any CPU
		{95BECE13-65BD-41B5-8597-ECC735AFB979}.Debug|Any CPU.Build.0 = Debug|Any CPU
		{95BECE13-65BD-41B5-8597-ECC735AFB979}.Release|Any CPU.ActiveCfg = Release|Any CPU
		{95BECE13-65BD-41B5-8597-ECC735AFB979}.Release|Any CPU.Build.0 = Release|Any CPU
		{DA109FAF-8F0A-4F7C-BF7B-D8F64C8CBEB4}.Debug|Any CPU.ActiveCfg = Debug|Any CPU
		{DA109FAF-8F0A-4F7C-BF7B-D8F64C8CBEB4}.Debug|Any CPU.Build.0 = Debug|Any CPU
		{DA109FAF-8F0A-4F7C-BF7B-D8F64C8CBEB4}.Release|Any CPU.ActiveCfg = Release|Any CPU
		{DA109FAF-8F0A-4F7C-BF7B-D8F64C8CBEB4}.Release|Any CPU.Build.0 = Release|Any CPU
		{311D6C41-D319-4011-BD2F-D85FC2B42E7F}.Debug|Any CPU.ActiveCfg = Debug|Any CPU
		{311D6C41-D319-4011-BD2F-D85FC2B42E7F}.Debug|Any CPU.Build.0 = Debug|Any CPU
		{311D6C41-D319-4011-BD2F-D85FC2B42E7F}.Release|Any CPU.ActiveCfg = Release|Any CPU
		{311D6C41-D319-4011-BD2F-D85FC2B42E7F}.Release|Any CPU.Build.0 = Release|Any CPU
	EndGlobalSection
	GlobalSection(SolutionProperties) = preSolution
		HideSolutionNode = FALSE
	EndGlobalSection
	GlobalSection(ExtensibilityGlobals) = postSolution
		SolutionGuid = {75AB0D27-8612-40D0-BF39-5EF8063894C3}
	EndGlobalSection
EndGlobal
